
Microsoft Visual Studio Solution File, Format Version 10.00
# Visual Studio 2008
Project("{8BC9CEB8-8B4A-11D0-8D11-00A0C91BC942}") = "OCLppSample", "OCLppSample.vcproj", "{2DB951C5-804E-4059-9C93-B87BEAFD5CA1}"
EndProject
Global
	GlobalSection(SolutionConfigurationPlatforms) = preSolution
		Debug|Win32 = Debug|Win32
		Release|Win32 = Release|Win32
	EndGlobalSection
	GlobalSection(ProjectConfigurationPlatforms) = postSolution
		{2DB951C5-804E-4059-9C93-B87BEAFD5CA1}.Debug|Win32.ActiveCfg = Debug|Win32
		{2DB951C5-804E-4059-9C93-B87BEAFD5CA1}.Debug|Win32.Build.0 = Debug|Win32
		{2DB951C5-804E-4059-9C93-B87BEAFD5CA1}.Release|Win32.ActiveCfg = Release|Win32
		{2DB951C5-804E-4059-9C93-B87BEAFD5CA1}.Release|Win32.Build.0 = Release|Win32
	EndGlobalSection
	GlobalSection(SolutionProperties) = preSolution
		HideSolutionNode = FALSE
	EndGlobalSection
EndGlobal
